
Microsoft Visual Studio Solution File, Format Version 12.00
# Visual Studio 15
VisualStudioVersion = 15.0.26730.16
MinimumVisualStudioVersion = 10.0.40219.1
Project("{FAE04EC0-301F-11D3-BF4B-00C04F79EFBC}") = "PlainUDPReceiver", "PlainUDPReceiver\PlainUDPReceiver.csproj", "{7F138792-74EB-4166-B327-0A44A123D2D1}"
EndProject
Project("{FAE04EC0-301F-11D3-BF4B-00C04F79EFBC}") = "ModelLib", "ModelLib\ModelLib.csproj", "{8612B025-2694-40D5-836C-F08A467C98C6}"
EndProject
Project("{FAE04EC0-301F-11D3-BF4B-00C04F79EFBC}") = "PlainUDPSender", "ConsoleApp1\PlainUDPSender.csproj", "{7A6A18BC-C25D-4E83-8B43-B46B3A231075}"
EndProject
Global
	GlobalSection(SolutionConfigurationPlatforms) = preSolution
		Debug|Any CPU = Debug|Any CPU
		Release|Any CPU = Release|Any CPU
	EndGlobalSection
	GlobalSection(ProjectConfigurationPlatforms) = postSolution
		{7F138792-74EB-4166-B327-0A44A123D2D1}.Debug|Any CPU.ActiveCfg = Debug|Any CPU
		{7F138792-74EB-4166-B327-0A44A123D2D1}.Debug|Any CPU.Build.0 = Debug|Any CPU
		{7F138792-74EB-4166-B327-0A44A123D2D1}.Release|Any CPU.ActiveCfg = Release|Any CPU
		{7F138792-74EB-4166-B327-0A44A123D2D1}.Release|Any CPU.Build.0 = Release|Any CPU
		{8612B025-2694-40D5-836C-F08A467C98C6}.Debug|Any CPU.ActiveCfg = Debug|Any CPU
		{8612B025-2694-40D5-836C-F08A467C98C6}.Debug|Any CPU.Build.0 = Debug|Any CPU
		{8612B025-2694-40D5-836C-F08A467C98C6}.Release|Any CPU.ActiveCfg = Release|Any CPU
		{8612B025-2694-40D5-836C-F08A467C98C6}.Release|Any CPU.Build.0 = Release|Any CPU
		{7A6A18BC-C25D-4E83-8B43-B46B3A231075}.Debug|Any CPU.ActiveCfg = Debug|Any CPU
		{7A6A18BC-C25D-4E83-8B43-B46B3A231075}.Debug|Any CPU.Build.0 = Debug|Any CPU
		{7A6A18BC-C25D-4E83-8B43-B46B3A231075}.Release|Any CPU.ActiveCfg = Release|Any CPU
		{7A6A18BC-C25D-4E83-8B43-B46B3A231075}.Release|Any CPU.Build.0 = Release|Any CPU
	EndGlobalSection
	GlobalSection(SolutionProperties) = preSolution
		HideSolutionNode = FALSE
	EndGlobalSection
	GlobalSection(ExtensibilityGlobals) = postSolution
		SolutionGuid = {E2CC9A00-BED0-42AB-A166-CD64A4EC5E50}
	EndGlobalSection
EndGlobal
